// !$*UTF8*$!
{
	archiveVersion = 1;
	classes = {
	};
	objectVersion = 56;
	objects = {

/* Begin PBXBuildFile section */
		E912A8A92949D062008E249A /* Cell.swift in Sources */ = {isa = PBXBuildFile; fileRef = E912A8A82949D062008E249A /* Cell.swift */; };
		E95B83352949BE1A0027AD51 /* socialsudokuApp.swift in Sources */ = {isa = PBXBuildFile; fileRef = E95B83342949BE1A0027AD51 /* socialsudokuApp.swift */; };
		E95B83372949BE1A0027AD51 /* ContentView.swift in Sources */ = {isa = PBXBuildFile; fileRef = E95B83362949BE1A0027AD51 /* ContentView.swift */; };
		E95B83392949BE1B0027AD51 /* Assets.xcassets in Resources */ = {isa = PBXBuildFile; fileRef = E95B83382949BE1B0027AD51 /* Assets.xcassets */; };
		E95B833C2949BE1B0027AD51 /* Preview Assets.xcassets in Resources */ = {isa = PBXBuildFile; fileRef = E95B833B2949BE1B0027AD51 /* Preview Assets.xcassets */; };
		E97FA59C2949F34600494D46 /* dataset.json in Resources */ = {isa = PBXBuildFile; fileRef = E97FA59B2949F34600494D46 /* dataset.json */; };
		E97FA59E2949F6A600494D46 /* ModelData.swift in Sources */ = {isa = PBXBuildFile; fileRef = E97FA59D2949F6A600494D46 /* ModelData.swift */; };
		E97FA5A02949FCF100494D46 /* SudokuGenerator.swift in Sources */ = {isa = PBXBuildFile; fileRef = E97FA59F2949FCF100494D46 /* SudokuGenerator.swift */; };
		E97FA5A2294B014B00494D46 /* LoginView.swift in Sources */ = {isa = PBXBuildFile; fileRef = E97FA5A1294B014B00494D46 /* LoginView.swift */; };
		E97FA5A4294B081B00494D46 /* GoogleService-Info.plist in Resources */ = {isa = PBXBuildFile; fileRef = E97FA5A3294B081B00494D46 /* GoogleService-Info.plist */; };
		E97FA5AC294B0DD600494D46 /* FirebaseAnalytics in Frameworks */ = {isa = PBXBuildFile; productRef = E97FA5AB294B0DD600494D46 /* FirebaseAnalytics */; };
		E97FA5AE294B0DD600494D46 /* FirebaseAnalyticsWithoutAdIdSupport in Frameworks */ = {isa = PBXBuildFile; productRef = E97FA5AD294B0DD600494D46 /* FirebaseAnalyticsWithoutAdIdSupport */; };
		E97FA5B0294B0DD600494D46 /* FirebaseAuth in Frameworks */ = {isa = PBXBuildFile; productRef = E97FA5AF294B0DD600494D46 /* FirebaseAuth */; };
		E97FA5B2294B0DD600494D46 /* FirebaseFirestore in Frameworks */ = {isa = PBXBuildFile; productRef = E97FA5B1294B0DD600494D46 /* FirebaseFirestore */; };
		E97FA5B4294B0DD600494D46 /* FirebaseFirestoreSwift in Frameworks */ = {isa = PBXBuildFile; productRef = E97FA5B3294B0DD600494D46 /* FirebaseFirestoreSwift */; };
		E97FA5B6294B0FA000494D46 /* AuthManager.swift in Sources */ = {isa = PBXBuildFile; fileRef = E97FA5B5294B0FA000494D46 /* AuthManager.swift */; };
		E97FA5B8294B20C100494D46 /* SudokuView.swift in Sources */ = {isa = PBXBuildFile; fileRef = E97FA5B7294B20C100494D46 /* SudokuView.swift */; };
		E97FA5BE294B596300494D46 /* LeaderboardService.swift in Sources */ = {isa = PBXBuildFile; fileRef = E97FA5BD294B596300494D46 /* LeaderboardService.swift */; };
		E97FA5C0294B598700494D46 /* Score.swift in Sources */ = {isa = PBXBuildFile; fileRef = E97FA5BF294B598700494D46 /* Score.swift */; };
		E97FA5C2294B5AB400494D46 /* LeaderboardView.swift in Sources */ = {isa = PBXBuildFile; fileRef = E97FA5C1294B5AB400494D46 /* LeaderboardView.swift */; };
/* End PBXBuildFile section */

/* Begin PBXFileReference section */
		E912A8A82949D062008E249A /* Cell.swift */ = {isa = PBXFileReference; lastKnownFileType = sourcecode.swift; path = Cell.swift; sourceTree = "<group>"; };
		E95B83312949BE1A0027AD51 /* socialsudoku.app */ = {isa = PBXFileReference; explicitFileType = wrapper.application; includeInIndex = 0; path = socialsudoku.app; sourceTree = BUILT_PRODUCTS_DIR; };
		E95B83342949BE1A0027AD51 /* socialsudokuApp.swift */ = {isa = PBXFileReference; lastKnownFileType = sourcecode.swift; path = socialsudokuApp.swift; sourceTree = "<group>"; };
		E95B83362949BE1A0027AD51 /* ContentView.swift */ = {isa = PBXFileReference; lastKnownFileType = sourcecode.swift; path = ContentView.swift; sourceTree = "<group>"; };
		E95B83382949BE1B0027AD51 /* Assets.xcassets */ = {isa = PBXFileReference; lastKnownFileType = folder.assetcatalog; path = Assets.xcassets; sourceTree = "<group>"; };
		E95B833B2949BE1B0027AD51 /* Preview Assets.xcassets */ = {isa = PBXFileReference; lastKnownFileType = folder.assetcatalog; path = "Preview Assets.xcassets"; sourceTree = "<group>"; };
		E97FA5992949E28300494D46 /* sudokus.geojson */ = {isa = PBXFileReference; lastKnownFileType = text; path = sudokus.geojson; sourceTree = "<group>"; };
		E97FA59B2949F34600494D46 /* dataset.json */ = {isa = PBXFileReference; lastKnownFileType = text.json; path = dataset.json; sourceTree = "<group>"; };
		E97FA59D2949F6A600494D46 /* ModelData.swift */ = {isa = PBXFileReference; lastKnownFileType = sourcecode.swift; path = ModelData.swift; sourceTree = "<group>"; };
		E97FA59F2949FCF100494D46 /* SudokuGenerator.swift */ = {isa = PBXFileReference; lastKnownFileType = sourcecode.swift; path = SudokuGenerator.swift; sourceTree = "<group>"; };
		E97FA5A1294B014B00494D46 /* LoginView.swift */ = {isa = PBXFileReference; lastKnownFileType = sourcecode.swift; path = LoginView.swift; sourceTree = "<group>"; };
		E97FA5A3294B081B00494D46 /* GoogleService-Info.plist */ = {isa = PBXFileReference; fileEncoding = 4; lastKnownFileType = text.plist.xml; path = "GoogleService-Info.plist"; sourceTree = "<group>"; };
		E97FA5B5294B0FA000494D46 /* AuthManager.swift */ = {isa = PBXFileReference; lastKnownFileType = sourcecode.swift; path = AuthManager.swift; sourceTree = "<group>"; };
		E97FA5B7294B20C100494D46 /* SudokuView.swift */ = {isa = PBXFileReference; lastKnownFileType = sourcecode.swift; path = SudokuView.swift; sourceTree = "<group>"; };
		E97FA5BD294B596300494D46 /* LeaderboardService.swift */ = {isa = PBXFileReference; lastKnownFileType = sourcecode.swift; path = LeaderboardService.swift; sourceTree = "<group>"; };
		E97FA5BF294B598700494D46 /* Score.swift */ = {isa = PBXFileReference; lastKnownFileType = sourcecode.swift; path = Score.swift; sourceTree = "<group>"; };
		E97FA5C1294B5AB400494D46 /* LeaderboardView.swift */ = {isa = PBXFileReference; lastKnownFileType = sourcecode.swift; path = LeaderboardView.swift; sourceTree = "<group>"; };
/* End PBXFileReference section */

/* Begin PBXFrameworksBuildPhase section */
		E95B832E2949BE1A0027AD51 /* Frameworks */ = {
			isa = PBXFrameworksBuildPhase;
			buildActionMask = 2147483647;
			files = (
				E97FA5B4294B0DD600494D46 /* FirebaseFirestoreSwift in Frameworks */,
				E97FA5AC294B0DD600494D46 /* FirebaseAnalytics in Frameworks */,
				E97FA5B2294B0DD600494D46 /* FirebaseFirestore in Frameworks */,
				E97FA5B0294B0DD600494D46 /* FirebaseAuth in Frameworks */,
				E97FA5AE294B0DD600494D46 /* FirebaseAnalyticsWithoutAdIdSupport in Frameworks */,
			);
			runOnlyForDeploymentPostprocessing = 0;
		};
/* End PBXFrameworksBuildPhase section */

/* Begin PBXGroup section */
		E95B83282949BE1A0027AD51 = {
			isa = PBXGroup;
			children = (
				E97FA5982949E25F00494D46 /* resources */,
				E95B83332949BE1A0027AD51 /* socialsudoku */,
				E95B83322949BE1A0027AD51 /* Products */,
			);
			sourceTree = "<group>";
		};
		E95B83322949BE1A0027AD51 /* Products */ = {
			isa = PBXGroup;
			children = (
				E95B83312949BE1A0027AD51 /* socialsudoku.app */,
			);
			name = Products;
			sourceTree = "<group>";
		};
		E95B83332949BE1A0027AD51 /* socialsudoku */ = {
			isa = PBXGroup;
			children = (
				E97FA5BD294B596300494D46 /* LeaderboardService.swift */,
				E97FA5C1294B5AB400494D46 /* LeaderboardView.swift */,
				E97FA5B7294B20C100494D46 /* SudokuView.swift */,
				E97FA5A1294B014B00494D46 /* LoginView.swift */,
				E97FA5BA294B20D800494D46 /* models */,
				E97FA5B9294B20CC00494D46 /* views */,
				E97FA59A2949E41D00494D46 /* resources */,
				E95B83342949BE1A0027AD51 /* socialsudokuApp.swift */,
				E95B83362949BE1A0027AD51 /* ContentView.swift */,
				E95B83382949BE1B0027AD51 /* Assets.xcassets */,
				E95B833A2949BE1B0027AD51 /* Preview Content */,
				E97FA5A3294B081B00494D46 /* GoogleService-Info.plist */,
				E97FA5B5294B0FA000494D46 /* AuthManager.swift */,
				E97FA5BF294B598700494D46 /* Score.swift */,
			);
			path = socialsudoku;
			sourceTree = "<group>";
		};
		E95B833A2949BE1B0027AD51 /* Preview Content */ = {
			isa = PBXGroup;
			children = (
				E95B833B2949BE1B0027AD51 /* Preview Assets.xcassets */,
			);
			path = "Preview Content";
			sourceTree = "<group>";
		};
		E97FA5982949E25F00494D46 /* resources */ = {
			isa = PBXGroup;
			children = (
				E97FA5992949E28300494D46 /* sudokus.geojson */,
			);
			path = resources;
			sourceTree = "<group>";
		};
		E97FA59A2949E41D00494D46 /* resources */ = {
			isa = PBXGroup;
			children = (
				E97FA59B2949F34600494D46 /* dataset.json */,
			);
			path = resources;
			sourceTree = "<group>";
		};
		E97FA5B9294B20CC00494D46 /* views */ = {
			isa = PBXGroup;
			children = (
			);
			path = views;
			sourceTree = "<group>";
		};
		E97FA5BA294B20D800494D46 /* models */ = {
			isa = PBXGroup;
			children = (
				E97FA59D2949F6A600494D46 /* ModelData.swift */,
				E97FA59F2949FCF100494D46 /* SudokuGenerator.swift */,
				E912A8A82949D062008E249A /* Cell.swift */,
			);
			path = models;
			sourceTree = "<group>";
		};
/* End PBXGroup section */

/* Begin PBXNativeTarget section */
		E95B83302949BE1A0027AD51 /* socialsudoku */ = {
			isa = PBXNativeTarget;
			buildConfigurationList = E95B833F2949BE1B0027AD51 /* Build configuration list for PBXNativeTarget "socialsudoku" */;
			buildPhases = (
				E95B832D2949BE1A0027AD51 /* Sources */,
				E95B832E2949BE1A0027AD51 /* Frameworks */,
				E95B832F2949BE1A0027AD51 /* Resources */,
			);
			buildRules = (
			);
			dependencies = (
			);
			name = socialsudoku;
			packageProductDependencies = (
				E97FA5AB294B0DD600494D46 /* FirebaseAnalytics */,
				E97FA5AD294B0DD600494D46 /* FirebaseAnalyticsWithoutAdIdSupport */,
				E97FA5AF294B0DD600494D46 /* FirebaseAuth */,
				E97FA5B1294B0DD600494D46 /* FirebaseFirestore */,
				E97FA5B3294B0DD600494D46 /* FirebaseFirestoreSwift */,
			);
			productName = socialsudoku;
			productReference = E95B83312949BE1A0027AD51 /* socialsudoku.app */;
			productType = "com.apple.product-type.application";
		};
/* End PBXNativeTarget section */

/* Begin PBXProject section */
		E95B83292949BE1A0027AD51 /* Project object */ = {
			isa = PBXProject;
			attributes = {
				BuildIndependentTargetsInParallel = 1;
				LastSwiftUpdateCheck = 1410;
				LastUpgradeCheck = 1410;
				TargetAttributes = {
					E95B83302949BE1A0027AD51 = {
						CreatedOnToolsVersion = 14.1;
					};
				};
			};
			buildConfigurationList = E95B832C2949BE1A0027AD51 /* Build configuration list for PBXProject "socialsudoku" */;
			compatibilityVersion = "Xcode 14.0";
			developmentRegion = en;
			hasScannedForEncodings = 0;
			knownRegions = (
				en,
				Base,
			);
			mainGroup = E95B83282949BE1A0027AD51;
			packageReferences = (
				E97FA5AA294B0DD600494D46 /* XCRemoteSwiftPackageReference "firebase-ios-sdk" */,
			);
			productRefGroup = E95B83322949BE1A0027AD51 /* Products */;
			projectDirPath = "";
			projectRoot = "";
			targets = (
				E95B83302949BE1A0027AD51 /* socialsudoku */,
			);
		};
/* End PBXProject section */

/* Begin PBXResourcesBuildPhase section */
		E95B832F2949BE1A0027AD51 /* Resources */ = {
			isa = PBXResourcesBuildPhase;
			buildActionMask = 2147483647;
			files = (
				E95B833C2949BE1B0027AD51 /* Preview Assets.xcassets in Resources */,
				E97FA5A4294B081B00494D46 /* GoogleService-Info.plist in Resources */,
				E97FA59C2949F34600494D46 /* dataset.json in Resources */,
				E95B83392949BE1B0027AD51 /* Assets.xcassets in Resources */,
			);
			runOnlyForDeploymentPostprocessing = 0;
		};
/* End PBXResourcesBuildPhase section */

/* Begin PBXSourcesBuildPhase section */
		E95B832D2949BE1A0027AD51 /* Sources */ = {
			isa = PBXSourcesBuildPhase;
			buildActionMask = 2147483647;
			files = (
				E97FA5A2294B014B00494D46 /* LoginView.swift in Sources */,
				E97FA5B8294B20C100494D46 /* SudokuView.swift in Sources */,
				E97FA5B6294B0FA000494D46 /* AuthManager.swift in Sources */,
				E97FA5A02949FCF100494D46 /* SudokuGenerator.swift in Sources */,
				E95B83372949BE1A0027AD51 /* ContentView.swift in Sources */,
				E97FA5BE294B596300494D46 /* LeaderboardService.swift in Sources */,
				E97FA59E2949F6A600494D46 /* ModelData.swift in Sources */,
				E97FA5C2294B5AB400494D46 /* LeaderboardView.swift in Sources */,
				E95B83352949BE1A0027AD51 /* socialsudokuApp.swift in Sources */,
				E97FA5C0294B598700494D46 /* Score.swift in Sources */,
				E912A8A92949D062008E249A /* Cell.swift in Sources */,
			);
			runOnlyForDeploymentPostprocessing = 0;
		};
/* End PBXSourcesBuildPhase section */

/* Begin XCBuildConfiguration section */
		E95B833D2949BE1B0027AD51 /* Debug */ = {
			isa = XCBuildConfiguration;
			buildSettings = {
				ALWAYS_SEARCH_USER_PATHS = NO;
				CLANG_ANALYZER_NONNULL = YES;
				CLANG_ANALYZER_NUMBER_OBJECT_CONVERSION = YES_AGGRESSIVE;
				CLANG_CXX_LANGUAGE_STANDARD = "gnu++20";
				CLANG_ENABLE_MODULES = YES;
				CLANG_ENABLE_OBJC_ARC = YES;
				CLANG_ENABLE_OBJC_WEAK = YES;
				CLANG_WARN_BLOCK_CAPTURE_AUTORELEASING = YES;
				CLANG_WARN_BOOL_CONVERSION = YES;
				CLANG_WARN_COMMA = YES;
				CLANG_WARN_CONSTANT_CONVERSION = YES;
				CLANG_WARN_DEPRECATED_OBJC_IMPLEMENTATIONS = YES;
				CLANG_WARN_DIRECT_OBJC_ISA_USAGE = YES_ERROR;
				CLANG_WARN_DOCUMENTATION_COMMENTS = YES;
				CLANG_WARN_EMPTY_BODY = YES;
				CLANG_WARN_ENUM_CONVERSION = YES;
				CLANG_WARN_INFINITE_RECURSION = YES;
				CLANG_WARN_INT_CONVERSION = YES;
				CLANG_WARN_NON_LITERAL_NULL_CONVERSION = YES;
				CLANG_WARN_OBJC_IMPLICIT_RETAIN_SELF = YES;
				CLANG_WARN_OBJC_LITERAL_CONVERSION = YES;
				CLANG_WARN_OBJC_ROOT_CLASS = YES_ERROR;
				CLANG_WARN_QUOTED_INCLUDE_IN_FRAMEWORK_HEADER = YES;
				CLANG_WARN_RANGE_LOOP_ANALYSIS = YES;
				CLANG_WARN_STRICT_PROTOTYPES = YES;
				CLANG_WARN_SUSPICIOUS_MOVE = YES;
				CLANG_WARN_UNGUARDED_AVAILABILITY = YES_AGGRESSIVE;
				CLANG_WARN_UNREACHABLE_CODE = YES;
				CLANG_WARN__DUPLICATE_METHOD_MATCH = YES;
				COPY_PHASE_STRIP = NO;
				DEBUG_INFORMATION_FORMAT = dwarf;
				ENABLE_STRICT_OBJC_MSGSEND = YES;
				ENABLE_TESTABILITY = YES;
				GCC_C_LANGUAGE_STANDARD = gnu11;
				GCC_DYNAMIC_NO_PIC = NO;
				GCC_NO_COMMON_BLOCKS = YES;
				GCC_OPTIMIZATION_LEVEL = 0;
				GCC_PREPROCESSOR_DEFINITIONS = (
					"DEBUG=1",
					"$(inherited)",
				);
				GCC_WARN_64_TO_32_BIT_CONVERSION = YES;
				GCC_WARN_ABOUT_RETURN_TYPE = YES_ERROR;
				GCC_WARN_UNDECLARED_SELECTOR = YES;
				GCC_WARN_UNINITIALIZED_AUTOS = YES_AGGRESSIVE;
				GCC_WARN_UNUSED_FUNCTION = YES;
				GCC_WARN_UNUSED_VARIABLE = YES;
				IPHONEOS_DEPLOYMENT_TARGET = 16.1;
				MTL_ENABLE_DEBUG_INFO = INCLUDE_SOURCE;
				MTL_FAST_MATH = YES;
				ONLY_ACTIVE_ARCH = YES;
				SDKROOT = iphoneos;
				SWIFT_ACTIVE_COMPILATION_CONDITIONS = DEBUG;
				SWIFT_OPTIMIZATION_LEVEL = "-Onone";
			};
			name = Debug;
		};
		E95B833E2949BE1B0027AD51 /* Release */ = {
			isa = XCBuildConfiguration;
			buildSettings = {
				ALWAYS_SEARCH_USER_PATHS = NO;
				CLANG_ANALYZER_NONNULL = YES;
				CLANG_ANALYZER_NUMBER_OBJECT_CONVERSION = YES_AGGRESSIVE;
				CLANG_CXX_LANGUAGE_STANDARD = "gnu++20";
				CLANG_ENABLE_MODULES = YES;
				CLANG_ENABLE_OBJC_ARC = YES;
				CLANG_ENABLE_OBJC_WEAK = YES;
				CLANG_WARN_BLOCK_CAPTURE_AUTORELEASING = YES;
				CLANG_WARN_BOOL_CONVERSION = YES;
				CLANG_WARN_COMMA = YES;
				CLANG_WARN_CONSTANT_CONVERSION = YES;
				CLANG_WARN_DEPRECATED_OBJC_IMPLEMENTATIONS = YES;
				CLANG_WARN_DIRECT_OBJC_ISA_USAGE = YES_ERROR;
				CLANG_WARN_DOCUMENTATION_COMMENTS = YES;
				CLANG_WARN_EMPTY_BODY = YES;
				CLANG_WARN_ENUM_CONVERSION = YES;
				CLANG_WARN_INFINITE_RECURSION = YES;
				CLANG_WARN_INT_CONVERSION = YES;
				CLANG_WARN_NON_LITERAL_NULL_CONVERSION = YES;
				CLANG_WARN_OBJC_IMPLICIT_RETAIN_SELF = YES;
				CLANG_WARN_OBJC_LITERAL_CONVERSION = YES;
				CLANG_WARN_OBJC_ROOT_CLASS = YES_ERROR;
				CLANG_WARN_QUOTED_INCLUDE_IN_FRAMEWORK_HEADER = YES;
				CLANG_WARN_RANGE_LOOP_ANALYSIS = YES;
				CLANG_WARN_STRICT_PROTOTYPES = YES;
				CLANG_WARN_SUSPICIOUS_MOVE = YES;
				CLANG_WARN_UNGUARDED_AVAILABILITY = YES_AGGRESSIVE;
				CLANG_WARN_UNREACHABLE_CODE = YES;
				CLANG_WARN__DUPLICATE_METHOD_MATCH = YES;
				COPY_PHASE_STRIP = NO;
				DEBUG_INFORMATION_FORMAT = "dwarf-with-dsym";
				ENABLE_NS_ASSERTIONS = NO;
				ENABLE_STRICT_OBJC_MSGSEND = YES;
				GCC_C_LANGUAGE_STANDARD = gnu11;
				GCC_NO_COMMON_BLOCKS = YES;
				GCC_WARN_64_TO_32_BIT_CONVERSION = YES;
				GCC_WARN_ABOUT_RETURN_TYPE = YES_ERROR;
				GCC_WARN_UNDECLARED_SELECTOR = YES;
				GCC_WARN_UNINITIALIZED_AUTOS = YES_AGGRESSIVE;
				GCC_WARN_UNUSED_FUNCTION = YES;
				GCC_WARN_UNUSED_VARIABLE = YES;
				IPHONEOS_DEPLOYMENT_TARGET = 16.1;
				MTL_ENABLE_DEBUG_INFO = NO;
				MTL_FAST_MATH = YES;
				SDKROOT = iphoneos;
				SWIFT_COMPILATION_MODE = wholemodule;
				SWIFT_OPTIMIZATION_LEVEL = "-O";
				VALIDATE_PRODUCT = YES;
			};
			name = Release;
		};
		E95B83402949BE1B0027AD51 /* Debug */ = {
			isa = XCBuildConfiguration;
			buildSettings = {
				ASSETCATALOG_COMPILER_APPICON_NAME = AppIcon;
				ASSETCATALOG_COMPILER_GLOBAL_ACCENT_COLOR_NAME = AccentColor;
				CODE_SIGN_STYLE = Automatic;
				CURRENT_PROJECT_VERSION = 1;
				DEVELOPMENT_ASSET_PATHS = "\"socialsudoku/Preview Content\"";
				DEVELOPMENT_TEAM = X4MLGR3XU7;
				ENABLE_PREVIEWS = YES;
				GENERATE_INFOPLIST_FILE = YES;
				INFOPLIST_KEY_UIApplicationSceneManifest_Generation = YES;
				INFOPLIST_KEY_UIApplicationSupportsIndirectInputEvents = YES;
				INFOPLIST_KEY_UILaunchScreen_Generation = YES;
				INFOPLIST_KEY_UISupportedInterfaceOrientations_iPad = "UIInterfaceOrientationPortrait UIInterfaceOrientationPortraitUpsideDown UIInterfaceOrientationLandscapeLeft UIInterfaceOrientationLandscapeRight";
				INFOPLIST_KEY_UISupportedInterfaceOrientations_iPhone = "UIInterfaceOrientationPortrait UIInterfaceOrientationLandscapeLeft UIInterfaceOrientationLandscapeRight";
				LD_RUNPATH_SEARCH_PATHS = (
					"$(inherited)",
					"@executable_path/Frameworks",
				);
				MARKETING_VERSION = 1.0;
				PRODUCT_BUNDLE_IDENTIFIER = com.thomastopuz.socialsudoku;
				PRODUCT_NAME = "$(TARGET_NAME)";
				SWIFT_EMIT_LOC_STRINGS = YES;
				SWIFT_VERSION = 5.0;
				TARGETED_DEVICE_FAMILY = "1,2";
			};
			name = Debug;
		};
		E95B83412949BE1B0027AD51 /* Release */ = {
			isa = XCBuildConfiguration;
			buildSettings = {
				ASSETCATALOG_COMPILER_APPICON_NAME = AppIcon;
				ASSETCATALOG_COMPILER_GLOBAL_ACCENT_COLOR_NAME = AccentColor;
				CODE_SIGN_STYLE = Automatic;
				CURRENT_PROJECT_VERSION = 1;
				DEVELOPMENT_ASSET_PATHS = "\"socialsudoku/Preview Content\"";
				DEVELOPMENT_TEAM = X4MLGR3XU7;
				ENABLE_PREVIEWS = YES;
				GENERATE_INFOPLIST_FILE = YES;
				INFOPLIST_KEY_UIApplicationSceneManifest_Generation = YES;
				INFOPLIST_KEY_UIApplicationSupportsIndirectInputEvents = YES;
				INFOPLIST_KEY_UILaunchScreen_Generation = YES;
				INFOPLIST_KEY_UISupportedInterfaceOrientations_iPad = "UIInterfaceOrientationPortrait UIInterfaceOrientationPortraitUpsideDown UIInterfaceOrientationLandscapeLeft UIInterfaceOrientationLandscapeRight";
				INFOPLIST_KEY_UISupportedInterfaceOrientations_iPhone = "UIInterfaceOrientationPortrait UIInterfaceOrientationLandscapeLeft UIInterfaceOrientationLandscapeRight";
				LD_RUNPATH_SEARCH_PATHS = (
					"$(inherited)",
					"@executable_path/Frameworks",
				);
				MARKETING_VERSION = 1.0;
				PRODUCT_BUNDLE_IDENTIFIER = com.thomastopuz.socialsudoku;
				PRODUCT_NAME = "$(TARGET_NAME)";
				SWIFT_EMIT_LOC_STRINGS = YES;
				SWIFT_VERSION = 5.0;
				TARGETED_DEVICE_FAMILY = "1,2";
			};
			name = Release;
		};
/* End XCBuildConfiguration section */

/* Begin XCConfigurationList section */
		E95B832C2949BE1A0027AD51 /* Build configuration list for PBXProject "socialsudoku" */ = {
			isa = XCConfigurationList;
			buildConfigurations = (
				E95B833D2949BE1B0027AD51 /* Debug */,
				E95B833E2949BE1B0027AD51 /* Release */,
			);
			defaultConfigurationIsVisible = 0;
			defaultConfigurationName = Release;
		};
		E95B833F2949BE1B0027AD51 /* Build configuration list for PBXNativeTarget "socialsudoku" */ = {
			isa = XCConfigurationList;
			buildConfigurations = (
				E95B83402949BE1B0027AD51 /* Debug */,
				E95B83412949BE1B0027AD51 /* Release */,
			);
			defaultConfigurationIsVisible = 0;
			defaultConfigurationName = Release;
		};
/* End XCConfigurationList section */

/* Begin XCRemoteSwiftPackageReference section */
		E97FA5AA294B0DD600494D46 /* XCRemoteSwiftPackageReference "firebase-ios-sdk" */ = {
			isa = XCRemoteSwiftPackageReference;
			repositoryURL = "https://github.com/firebase/firebase-ios-sdk";
			requirement = {
				kind = upToNextMajorVersion;
				minimumVersion = 9.0.0;
			};
		};
/* End XCRemoteSwiftPackageReference section */

/* Begin XCSwiftPackageProductDependency section */
		E97FA5AB294B0DD600494D46 /* FirebaseAnalytics */ = {
			isa = XCSwiftPackageProductDependency;
			package = E97FA5AA294B0DD600494D46 /* XCRemoteSwiftPackageReference "firebase-ios-sdk" */;
			productName = FirebaseAnalytics;
		};
		E97FA5AD294B0DD600494D46 /* FirebaseAnalyticsWithoutAdIdSupport */ = {
			isa = XCSwiftPackageProductDependency;
			package = E97FA5AA294B0DD600494D46 /* XCRemoteSwiftPackageReference "firebase-ios-sdk" */;
			productName = FirebaseAnalyticsWithoutAdIdSupport;
		};
		E97FA5AF294B0DD600494D46 /* FirebaseAuth */ = {
			isa = XCSwiftPackageProductDependency;
			package = E97FA5AA294B0DD600494D46 /* XCRemoteSwiftPackageReference "firebase-ios-sdk" */;
			productName = FirebaseAuth;
		};
		E97FA5B1294B0DD600494D46 /* FirebaseFirestore */ = {
			isa = XCSwiftPackageProductDependency;
			package = E97FA5AA294B0DD600494D46 /* XCRemoteSwiftPackageReference "firebase-ios-sdk" */;
			productName = FirebaseFirestore;
		};
		E97FA5B3294B0DD600494D46 /* FirebaseFirestoreSwift */ = {
			isa = XCSwiftPackageProductDependency;
			package = E97FA5AA294B0DD600494D46 /* XCRemoteSwiftPackageReference "firebase-ios-sdk" */;
			productName = FirebaseFirestoreSwift;
		};
/* End XCSwiftPackageProductDependency section */
	};
	rootObject = E95B83292949BE1A0027AD51 /* Project object */;
}
